
Microsoft Visual Studio Solution File, Format Version 12.00
# Visual Studio 2012
Project("{FAE04EC0-301F-11D3-BF4B-00C04F79EFBC}") = "desktop-weather", "desktop-weather\desktop-weather.csproj", "{330BA1A6-5DAA-40EF-B5E6-5BDF6FF4E559}"
EndProject
Global
	GlobalSection(SolutionConfigurationPlatforms) = preSolution
		Debug|Any CPU = Debug|Any CPU
		Release|Any CPU = Release|Any CPU
	EndGlobalSection
	GlobalSection(ProjectConfigurationPlatforms) = postSolution
		{330BA1A6-5DAA-40EF-B5E6-5BDF6FF4E559}.Debug|Any CPU.ActiveCfg = Debug|Any CPU
		{330BA1A6-5DAA-40EF-B5E6-5BDF6FF4E559}.Debug|Any CPU.Build.0 = Debug|Any CPU
		{330BA1A6-5DAA-40EF-B5E6-5BDF6FF4E559}.Release|Any CPU.ActiveCfg = Release|Any CPU
		{330BA1A6-5DAA-40EF-B5E6-5BDF6FF4E559}.Release|Any CPU.Build.0 = Release|Any CPU
	EndGlobalSection
	GlobalSection(SolutionProperties) = preSolution
		HideSolutionNode = FALSE
	EndGlobalSection
EndGlobal
